
Microsoft Visual Studio Solution File, Format Version 12.00
# Visual Studio Version 17
VisualStudioVersion = 17.4.33122.133
MinimumVisualStudioVersion = 10.0.40219.1
Project("{FAE04EC0-301F-11D3-BF4B-00C04F79EFBC}") = "stopwatch", "stopwatch.csproj", "{E7ED7FDA-560D-457F-955E-34D241E993D0}"
EndProject
Global
	GlobalSection(SolutionConfigurationPlatforms) = preSolution
		Debug|Any CPU = Debug|Any CPU
		Release|Any CPU = Release|Any CPU
	EndGlobalSection
	GlobalSection(ProjectConfigurationPlatforms) = postSolution
		{E7ED7FDA-560D-457F-955E-34D241E993D0}.Debug|Any CPU.ActiveCfg = Debug|Any CPU
		{E7ED7FDA-560D-457F-955E-34D241E993D0}.Debug|Any CPU.Build.0 = Debug|Any CPU
		{E7ED7FDA-560D-457F-955E-34D241E993D0}.Release|Any CPU.ActiveCfg = Release|Any CPU
		{E7ED7FDA-560D-457F-955E-34D241E993D0}.Release|Any CPU.Build.0 = Release|Any CPU
	EndGlobalSection
	GlobalSection(SolutionProperties) = preSolution
		HideSolutionNode = FALSE
	EndGlobalSection
	GlobalSection(ExtensibilityGlobals) = postSolution
		SolutionGuid = {2BED8901-73A3-4FE3-B15B-978163F99FDF}
	EndGlobalSection
EndGlobal
